// !$*UTF8*$!
{
	archiveVersion = 1;
	classes = {
	};
	objectVersion = 50;
	objects = {

/* Begin PBXBuildFile section */
		A347615024B32C49001FFD7A /* AppDelegate.swift in Sources */ = {isa = PBXBuildFile; fileRef = A347614F24B32C49001FFD7A /* AppDelegate.swift */; };
		A347615224B32C49001FFD7A /* SceneDelegate.swift in Sources */ = {isa = PBXBuildFile; fileRef = A347615124B32C49001FFD7A /* SceneDelegate.swift */; };
		A347615424B32C49001FFD7A /* ContentView.swift in Sources */ = {isa = PBXBuildFile; fileRef = A347615324B32C49001FFD7A /* ContentView.swift */; };
		A347615624B32C4A001FFD7A /* Assets.xcassets in Resources */ = {isa = PBXBuildFile; fileRef = A347615524B32C4A001FFD7A /* Assets.xcassets */; };
		A347615924B32C4A001FFD7A /* Preview Assets.xcassets in Resources */ = {isa = PBXBuildFile; fileRef = A347615824B32C4A001FFD7A /* Preview Assets.xcassets */; };
		A347615C24B32C4A001FFD7A /* LaunchScreen.storyboard in Resources */ = {isa = PBXBuildFile; fileRef = A347615A24B32C4A001FFD7A /* LaunchScreen.storyboard */; };
		A3D0EEF824B4068F00F6045C /* Rake.framework in Frameworks */ = {isa = PBXBuildFile; fileRef = A3D0EEF624B4068F00F6045C /* Rake.framework */; };
		A3D0EEFE24B43FB000F6045C /* DiRakeClientTestIOsSentinelShuttle.swift in Sources */ = {isa = PBXBuildFile; fileRef = A3D0EEFD24B43FB000F6045C /* DiRakeClientTestIOsSentinelShuttle.swift */; };
/* End PBXBuildFile section */

/* Begin PBXCopyFilesBuildPhase section */
		A347616724B3331A001FFD7A /* Embed Frameworks */ = {
			isa = PBXCopyFilesBuildPhase;
			buildActionMask = 2147483647;
			dstPath = "";
			dstSubfolderSpec = 10;
			files = (
			);
			name = "Embed Frameworks";
			runOnlyForDeploymentPostprocessing = 0;
		};
/* End PBXCopyFilesBuildPhase section */

/* Begin PBXFileReference section */
		A347614C24B32C49001FFD7A /* rake-ios-tutorial-Swift.app */ = {isa = PBXFileReference; explicitFileType = wrapper.application; includeInIndex = 0; path = "rake-ios-tutorial-Swift.app"; sourceTree = BUILT_PRODUCTS_DIR; };
		A347614F24B32C49001FFD7A /* AppDelegate.swift */ = {isa = PBXFileReference; lastKnownFileType = sourcecode.swift; path = AppDelegate.swift; sourceTree = "<group>"; };
		A347615124B32C49001FFD7A /* SceneDelegate.swift */ = {isa = PBXFileReference; lastKnownFileType = sourcecode.swift; path = SceneDelegate.swift; sourceTree = "<group>"; };
		A347615324B32C49001FFD7A /* ContentView.swift */ = {isa = PBXFileReference; lastKnownFileType = sourcecode.swift; path = ContentView.swift; sourceTree = "<group>"; };
		A347615524B32C4A001FFD7A /* Assets.xcassets */ = {isa = PBXFileReference; lastKnownFileType = folder.assetcatalog; path = Assets.xcassets; sourceTree = "<group>"; };
		A347615824B32C4A001FFD7A /* Preview Assets.xcassets */ = {isa = PBXFileReference; lastKnownFileType = folder.assetcatalog; path = "Preview Assets.xcassets"; sourceTree = "<group>"; };
		A347615B24B32C4A001FFD7A /* Base */ = {isa = PBXFileReference; lastKnownFileType = file.storyboard; name = Base; path = Base.lproj/LaunchScreen.storyboard; sourceTree = "<group>"; };
		A347615D24B32C4A001FFD7A /* Info.plist */ = {isa = PBXFileReference; lastKnownFileType = text.plist.xml; path = Info.plist; sourceTree = "<group>"; };
		A3D0EEF624B4068F00F6045C /* Rake.framework */ = {isa = PBXFileReference; lastKnownFileType = wrapper.framework; path = Rake.framework; sourceTree = "<group>"; };
		A3D0EEFC24B412D300F6045C /* rake-ios-tutorial-Swift-Bridging-Header.h */ = {isa = PBXFileReference; lastKnownFileType = sourcecode.c.h; path = "rake-ios-tutorial-Swift-Bridging-Header.h"; sourceTree = "<group>"; };
		A3D0EEFD24B43FB000F6045C /* DiRakeClientTestIOsSentinelShuttle.swift */ = {isa = PBXFileReference; fileEncoding = 4; lastKnownFileType = sourcecode.swift; name = DiRakeClientTestIOsSentinelShuttle.swift; path = shuttle/DiRakeClientTestIOsSentinelShuttle.swift; sourceTree = "<group>"; };
/* End PBXFileReference section */

/* Begin PBXFrameworksBuildPhase section */
		A347614924B32C49001FFD7A /* Frameworks */ = {
			isa = PBXFrameworksBuildPhase;
			buildActionMask = 2147483647;
			files = (
				A3D0EEF824B4068F00F6045C /* Rake.framework in Frameworks */,
			);
			runOnlyForDeploymentPostprocessing = 0;
		};
/* End PBXFrameworksBuildPhase section */

/* Begin PBXGroup section */
		A347614324B32C49001FFD7A = {
			isa = PBXGroup;
			children = (
				A3D0EEF424B4068F00F6045C /* sdk */,
				A347614E24B32C49001FFD7A /* rake-ios-tutorial-Swift */,
				A347614D24B32C49001FFD7A /* Products */,
			);
			sourceTree = "<group>";
		};
		A347614D24B32C49001FFD7A /* Products */ = {
			isa = PBXGroup;
			children = (
				A347614C24B32C49001FFD7A /* rake-ios-tutorial-Swift.app */,
			);
			name = Products;
			sourceTree = "<group>";
		};
		A347614E24B32C49001FFD7A /* rake-ios-tutorial-Swift */ = {
			isa = PBXGroup;
			children = (
				A347614F24B32C49001FFD7A /* AppDelegate.swift */,
				A347615124B32C49001FFD7A /* SceneDelegate.swift */,
				A347615324B32C49001FFD7A /* ContentView.swift */,
				A347615524B32C4A001FFD7A /* Assets.xcassets */,
				A347615A24B32C4A001FFD7A /* LaunchScreen.storyboard */,
				A347615D24B32C4A001FFD7A /* Info.plist */,
				A347615724B32C4A001FFD7A /* Preview Content */,
				A3D0EEFC24B412D300F6045C /* rake-ios-tutorial-Swift-Bridging-Header.h */,
			);
			path = "rake-ios-tutorial-Swift";
			sourceTree = "<group>";
		};
		A347615724B32C4A001FFD7A /* Preview Content */ = {
			isa = PBXGroup;
			children = (
				A347615824B32C4A001FFD7A /* Preview Assets.xcassets */,
			);
			path = "Preview Content";
			sourceTree = "<group>";
		};
		A3D0EEF424B4068F00F6045C /* sdk */ = {
			isa = PBXGroup;
			children = (
				A3D0EEFD24B43FB000F6045C /* DiRakeClientTestIOsSentinelShuttle.swift */,
				A3D0EEF624B4068F00F6045C /* Rake.framework */,
			);
			name = sdk;
			path = "rake-ios-tutorial-Swift/sdk";
			sourceTree = "<group>";
		};
/* End PBXGroup section */

/* Begin PBXNativeTarget section */
		A347614B24B32C49001FFD7A /* rake-ios-tutorial-Swift */ = {
			isa = PBXNativeTarget;
			buildConfigurationList = A347616024B32C4A001FFD7A /* Build configuration list for PBXNativeTarget "rake-ios-tutorial-Swift" */;
			buildPhases = (
				A347614824B32C49001FFD7A /* Sources */,
				A347614924B32C49001FFD7A /* Frameworks */,
				A347614A24B32C49001FFD7A /* Resources */,
				A347616724B3331A001FFD7A /* Embed Frameworks */,
			);
			buildRules = (
			);
			dependencies = (
			);
			name = "rake-ios-tutorial-Swift";
			productName = "rake-ios-tutorial-Swift";
			productReference = A347614C24B32C49001FFD7A /* rake-ios-tutorial-Swift.app */;
			productType = "com.apple.product-type.application";
		};
/* End PBXNativeTarget section */

/* Begin PBXProject section */
		A347614424B32C49001FFD7A /* Project object */ = {
			isa = PBXProject;
			attributes = {
				LastSwiftUpdateCheck = 1150;
				LastUpgradeCheck = 1150;
				ORGANIZATIONNAME = 1000731;
				TargetAttributes = {
					A347614B24B32C49001FFD7A = {
						CreatedOnToolsVersion = 11.5;
					};
				};
			};
			buildConfigurationList = A347614724B32C49001FFD7A /* Build configuration list for PBXProject "rake-ios-tutorial-Swift" */;
			compatibilityVersion = "Xcode 9.3";
			developmentRegion = en;
			hasScannedForEncodings = 0;
			knownRegions = (
				en,
				Base,
			);
			mainGroup = A347614324B32C49001FFD7A;
			productRefGroup = A347614D24B32C49001FFD7A /* Products */;
			projectDirPath = "";
			projectRoot = "";
			targets = (
				A347614B24B32C49001FFD7A /* rake-ios-tutorial-Swift */,
			);
		};
/* End PBXProject section */

/* Begin PBXResourcesBuildPhase section */
		A347614A24B32C49001FFD7A /* Resources */ = {
			isa = PBXResourcesBuildPhase;
			buildActionMask = 2147483647;
			files = (
				A347615C24B32C4A001FFD7A /* LaunchScreen.storyboard in Resources */,
				A347615924B32C4A001FFD7A /* Preview Assets.xcassets in Resources */,
				A347615624B32C4A001FFD7A /* Assets.xcassets in Resources */,
			);
			runOnlyForDeploymentPostprocessing = 0;
		};
/* End PBXResourcesBuildPhase section */

/* Begin PBXSourcesBuildPhase section */
		A347614824B32C49001FFD7A /* Sources */ = {
			isa = PBXSourcesBuildPhase;
			buildActionMask = 2147483647;
			files = (
				A3D0EEFE24B43FB000F6045C /* DiRakeClientTestIOsSentinelShuttle.swift in Sources */,
				A347615024B32C49001FFD7A /* AppDelegate.swift in Sources */,
				A347615224B32C49001FFD7A /* SceneDelegate.swift in Sources */,
				A347615424B32C49001FFD7A /* ContentView.swift in Sources */,
			);
			runOnlyForDeploymentPostprocessing = 0;
		};
/* End PBXSourcesBuildPhase section */

/* Begin PBXVariantGroup section */
		A347615A24B32C4A001FFD7A /* LaunchScreen.storyboard */ = {
			isa = PBXVariantGroup;
			children = (
				A347615B24B32C4A001FFD7A /* Base */,
			);
			name = LaunchScreen.storyboard;
			sourceTree = "<group>";
		};
/* End PBXVariantGroup section */

/* Begin XCBuildConfiguration section */
		A347615E24B32C4A001FFD7A /* Debug */ = {
			isa = XCBuildConfiguration;
			buildSettings = {
				ALWAYS_SEARCH_USER_PATHS = NO;
				CLANG_ANALYZER_NONNULL = YES;
				CLANG_ANALYZER_NUMBER_OBJECT_CONVERSION = YES_AGGRESSIVE;
				CLANG_CXX_LANGUAGE_STANDARD = "gnu++14";
				CLANG_CXX_LIBRARY = "libc++";
				CLANG_ENABLE_MODULES = YES;
				CLANG_ENABLE_OBJC_ARC = YES;
				CLANG_ENABLE_OBJC_WEAK = YES;
				CLANG_WARN_BLOCK_CAPTURE_AUTORELEASING = YES;
				CLANG_WARN_BOOL_CONVERSION = YES;
				CLANG_WARN_COMMA = YES;
				CLANG_WARN_CONSTANT_CONVERSION = YES;
				CLANG_WARN_DEPRECATED_OBJC_IMPLEMENTATIONS = YES;
				CLANG_WARN_DIRECT_OBJC_ISA_USAGE = YES_ERROR;
				CLANG_WARN_DOCUMENTATION_COMMENTS = YES;
				CLANG_WARN_EMPTY_BODY = YES;
				CLANG_WARN_ENUM_CONVERSION = YES;
				CLANG_WARN_INFINITE_RECURSION = YES;
				CLANG_WARN_INT_CONVERSION = YES;
				CLANG_WARN_NON_LITERAL_NULL_CONVERSION = YES;
				CLANG_WARN_OBJC_IMPLICIT_RETAIN_SELF = YES;
				CLANG_WARN_OBJC_LITERAL_CONVERSION = YES;
				CLANG_WARN_OBJC_ROOT_CLASS = YES_ERROR;
				CLANG_WARN_RANGE_LOOP_ANALYSIS = YES;
				CLANG_WARN_STRICT_PROTOTYPES = YES;
				CLANG_WARN_SUSPICIOUS_MOVE = YES;
				CLANG_WARN_UNGUARDED_AVAILABILITY = YES_AGGRESSIVE;
				CLANG_WARN_UNREACHABLE_CODE = YES;
				CLANG_WARN__DUPLICATE_METHOD_MATCH = YES;
				COPY_PHASE_STRIP = NO;
				DEBUG_INFORMATION_FORMAT = dwarf;
				ENABLE_STRICT_OBJC_MSGSEND = YES;
				ENABLE_TESTABILITY = YES;
				GCC_C_LANGUAGE_STANDARD = gnu11;
				GCC_DYNAMIC_NO_PIC = NO;
				GCC_NO_COMMON_BLOCKS = YES;
				GCC_OPTIMIZATION_LEVEL = 0;
				GCC_PREPROCESSOR_DEFINITIONS = (
					"DEBUG=1",
					"$(inherited)",
				);
				GCC_WARN_64_TO_32_BIT_CONVERSION = YES;
				GCC_WARN_ABOUT_RETURN_TYPE = YES_ERROR;
				GCC_WARN_UNDECLARED_SELECTOR = YES;
				GCC_WARN_UNINITIALIZED_AUTOS = YES_AGGRESSIVE;
				GCC_WARN_UNUSED_FUNCTION = YES;
				GCC_WARN_UNUSED_VARIABLE = YES;
				IPHONEOS_DEPLOYMENT_TARGET = 13.0;
				MTL_ENABLE_DEBUG_INFO = INCLUDE_SOURCE;
				MTL_FAST_MATH = YES;
				ONLY_ACTIVE_ARCH = YES;
				SDKROOT = iphoneos;
				SWIFT_ACTIVE_COMPILATION_CONDITIONS = DEBUG;
				SWIFT_OBJC_BRIDGING_HEADER = "$(PROJECT_DIR)/rake-ios-tutorial-Swift/rake-ios-tutorial-Swift-Bridging-Header.h";
				SWIFT_OPTIMIZATION_LEVEL = "-Onone";
			};
			name = Debug;
		};
		A347615F24B32C4A001FFD7A /* Release */ = {
			isa = XCBuildConfiguration;
			buildSettings = {
				ALWAYS_SEARCH_USER_PATHS = NO;
				CLANG_ANALYZER_NONNULL = YES;
				CLANG_ANALYZER_NUMBER_OBJECT_CONVERSION = YES_AGGRESSIVE;
				CLANG_CXX_LANGUAGE_STANDARD = "gnu++14";
				CLANG_CXX_LIBRARY = "libc++";
				CLANG_ENABLE_MODULES = YES;
				CLANG_ENABLE_OBJC_ARC = YES;
				CLANG_ENABLE_OBJC_WEAK = YES;
				CLANG_WARN_BLOCK_CAPTURE_AUTORELEASING = YES;
				CLANG_WARN_BOOL_CONVERSION = YES;
				CLANG_WARN_COMMA = YES;
				CLANG_WARN_CONSTANT_CONVERSION = YES;
				CLANG_WARN_DEPRECATED_OBJC_IMPLEMENTATIONS = YES;
				CLANG_WARN_DIRECT_OBJC_ISA_USAGE = YES_ERROR;
				CLANG_WARN_DOCUMENTATION_COMMENTS = YES;
				CLANG_WARN_EMPTY_BODY = YES;
				CLANG_WARN_ENUM_CONVERSION = YES;
				CLANG_WARN_INFINITE_RECURSION = YES;
				CLANG_WARN_INT_CONVERSION = YES;
				CLANG_WARN_NON_LITERAL_NULL_CONVERSION = YES;
				CLANG_WARN_OBJC_IMPLICIT_RETAIN_SELF = YES;
				CLANG_WARN_OBJC_LITERAL_CONVERSION = YES;
				CLANG_WARN_OBJC_ROOT_CLASS = YES_ERROR;
				CLANG_WARN_RANGE_LOOP_ANALYSIS = YES;
				CLANG_WARN_STRICT_PROTOTYPES = YES;
				CLANG_WARN_SUSPICIOUS_MOVE = YES;
				CLANG_WARN_UNGUARDED_AVAILABILITY = YES_AGGRESSIVE;
				CLANG_WARN_UNREACHABLE_CODE = YES;
				CLANG_WARN__DUPLICATE_METHOD_MATCH = YES;
				COPY_PHASE_STRIP = NO;
				DEBUG_INFORMATION_FORMAT = "dwarf-with-dsym";
				ENABLE_NS_ASSERTIONS = NO;
				ENABLE_STRICT_OBJC_MSGSEND = YES;
				GCC_C_LANGUAGE_STANDARD = gnu11;
				GCC_NO_COMMON_BLOCKS = YES;
				GCC_WARN_64_TO_32_BIT_CONVERSION = YES;
				GCC_WARN_ABOUT_RETURN_TYPE = YES_ERROR;
				GCC_WARN_UNDECLARED_SELECTOR = YES;
				GCC_WARN_UNINITIALIZED_AUTOS = YES_AGGRESSIVE;
				GCC_WARN_UNUSED_FUNCTION = YES;
				GCC_WARN_UNUSED_VARIABLE = YES;
				IPHONEOS_DEPLOYMENT_TARGET = 13.0;
				MTL_ENABLE_DEBUG_INFO = NO;
				MTL_FAST_MATH = YES;
				SDKROOT = iphoneos;
				SWIFT_COMPILATION_MODE = wholemodule;
				SWIFT_OBJC_BRIDGING_HEADER = "$(PROJECT_DIR)/rake-ios-tutorial-Swift/rake-ios-tutorial-Swift-Bridging-Header.h";
				SWIFT_OPTIMIZATION_LEVEL = "-O";
				VALIDATE_PRODUCT = YES;
			};
			name = Release;
		};
		A347616124B32C4A001FFD7A /* Debug */ = {
			isa = XCBuildConfiguration;
			buildSettings = {
				ASSETCATALOG_COMPILER_APPICON_NAME = AppIcon;
				CODE_SIGN_STYLE = Automatic;
				DEVELOPMENT_ASSET_PATHS = "\"rake-ios-tutorial-Swift/Preview Content\"";
				DEVELOPMENT_TEAM = AJJQQRLXL5;
				ENABLE_PREVIEWS = YES;
				FRAMEWORK_SEARCH_PATHS = "$(PROJECT_DIR)/rake-ios-tutorial-Swift/sdk";
				INFOPLIST_FILE = "rake-ios-tutorial-Swift/Info.plist";
				LD_RUNPATH_SEARCH_PATHS = (
					"$(inherited)",
					"@executable_path/Frameworks",
				);
				PRODUCT_BUNDLE_IDENTIFIER = "com.skplanet.rake-ios-tutorial-Swift";
				PRODUCT_NAME = "$(TARGET_NAME)";
				SWIFT_OBJC_BRIDGING_HEADER = "$(PROJECT_DIR)/rake-ios-tutorial-Swift/rake-ios-tutorial-Swift-Bridging-Header.h";
				SWIFT_VERSION = 5.0;
				TARGETED_DEVICE_FAMILY = "1,2";
			};
			name = Debug;
		};
		A347616224B32C4A001FFD7A /* Release */ = {
			isa = XCBuildConfiguration;
			buildSettings = {
				ASSETCATALOG_COMPILER_APPICON_NAME = AppIcon;
				CODE_SIGN_STYLE = Automatic;
				DEVELOPMENT_ASSET_PATHS = "\"rake-ios-tutorial-Swift/Preview Content\"";
				DEVELOPMENT_TEAM = AJJQQRLXL5;
				ENABLE_PREVIEWS = YES;
				FRAMEWORK_SEARCH_PATHS = "$(PROJECT_DIR)/rake-ios-tutorial-Swift/sdk";
				INFOPLIST_FILE = "rake-ios-tutorial-Swift/Info.plist";
				LD_RUNPATH_SEARCH_PATHS = (
					"$(inherited)",
					"@executable_path/Frameworks",
				);
				PRODUCT_BUNDLE_IDENTIFIER = "com.skplanet.rake-ios-tutorial-Swift";
				PRODUCT_NAME = "$(TARGET_NAME)";
				SWIFT_OBJC_BRIDGING_HEADER = "$(PROJECT_DIR)/rake-ios-tutorial-Swift/rake-ios-tutorial-Swift-Bridging-Header.h";
				SWIFT_VERSION = 5.0;
				TARGETED_DEVICE_FAMILY = "1,2";
			};
			name = Release;
		};
/* End XCBuildConfiguration section */

/* Begin XCConfigurationList section */
		A347614724B32C49001FFD7A /* Build configuration list for PBXProject "rake-ios-tutorial-Swift" */ = {
			isa = XCConfigurationList;
			buildConfigurations = (
				A347615E24B32C4A001FFD7A /* Debug */,
				A347615F24B32C4A001FFD7A /* Release */,
			);
			defaultConfigurationIsVisible = 0;
			defaultConfigurationName = Release;
		};
		A347616024B32C4A001FFD7A /* Build configuration list for PBXNativeTarget "rake-ios-tutorial-Swift" */ = {
			isa = XCConfigurationList;
			buildConfigurations = (
				A347616124B32C4A001FFD7A /* Debug */,
				A347616224B32C4A001FFD7A /* Release */,
			);
			defaultConfigurationIsVisible = 0;
			defaultConfigurationName = Release;
		};
/* End XCConfigurationList section */
	};
	rootObject = A347614424B32C49001FFD7A /* Project object */;
}
