// !$*UTF8*$!
{
	archiveVersion = 1;
	classes = {
	};
	objectVersion = 53;
	objects = {

/* Begin PBXBuildFile section */
		A34760EB24B32B0E001FFD7A /* AppDelegate.m in Sources */ = {isa = PBXBuildFile; fileRef = A34760EA24B32B0E001FFD7A /* AppDelegate.m */; };
		A34760EE24B32B0E001FFD7A /* SceneDelegate.m in Sources */ = {isa = PBXBuildFile; fileRef = A34760ED24B32B0E001FFD7A /* SceneDelegate.m */; };
		A34760F124B32B0E001FFD7A /* ViewController.m in Sources */ = {isa = PBXBuildFile; fileRef = A34760F024B32B0E001FFD7A /* ViewController.m */; };
		A34760F424B32B0E001FFD7A /* Main.storyboard in Resources */ = {isa = PBXBuildFile; fileRef = A34760F224B32B0E001FFD7A /* Main.storyboard */; };
		A34760F624B32B0E001FFD7A /* Assets.xcassets in Resources */ = {isa = PBXBuildFile; fileRef = A34760F524B32B0E001FFD7A /* Assets.xcassets */; };
		A34760F924B32B0E001FFD7A /* LaunchScreen.storyboard in Resources */ = {isa = PBXBuildFile; fileRef = A34760F724B32B0E001FFD7A /* LaunchScreen.storyboard */; };
		A34760FC24B32B0E001FFD7A /* main.m in Sources */ = {isa = PBXBuildFile; fileRef = A34760FB24B32B0E001FFD7A /* main.m */; };
		A3D0EEF324B4063000F6045C /* Rake.framework in Frameworks */ = {isa = PBXBuildFile; fileRef = A3D0EEF124B4063000F6045C /* Rake.framework */; };
		A3D0EEFB24B410E800F6045C /* DiRakeClientTestIOsSentinelShuttle.m in Sources */ = {isa = PBXBuildFile; fileRef = A3D0EEFA24B410E800F6045C /* DiRakeClientTestIOsSentinelShuttle.m */; };
/* End PBXBuildFile section */

/* Begin PBXCopyFilesBuildPhase section */
		A3D0EEEE24B4052100F6045C /* Embed Frameworks */ = {
			isa = PBXCopyFilesBuildPhase;
			buildActionMask = 2147483647;
			dstPath = "";
			dstSubfolderSpec = 10;
			files = (
			);
			name = "Embed Frameworks";
			runOnlyForDeploymentPostprocessing = 0;
		};
/* End PBXCopyFilesBuildPhase section */

/* Begin PBXFileReference section */
		A34760E624B32B0E001FFD7A /* rake-ios-tutorial-ObjC.app */ = {isa = PBXFileReference; explicitFileType = wrapper.application; includeInIndex = 0; path = "rake-ios-tutorial-ObjC.app"; sourceTree = BUILT_PRODUCTS_DIR; };
		A34760E924B32B0E001FFD7A /* AppDelegate.h */ = {isa = PBXFileReference; lastKnownFileType = sourcecode.c.h; path = AppDelegate.h; sourceTree = "<group>"; };
		A34760EA24B32B0E001FFD7A /* AppDelegate.m */ = {isa = PBXFileReference; lastKnownFileType = sourcecode.c.objc; path = AppDelegate.m; sourceTree = "<group>"; };
		A34760EC24B32B0E001FFD7A /* SceneDelegate.h */ = {isa = PBXFileReference; lastKnownFileType = sourcecode.c.h; path = SceneDelegate.h; sourceTree = "<group>"; };
		A34760ED24B32B0E001FFD7A /* SceneDelegate.m */ = {isa = PBXFileReference; lastKnownFileType = sourcecode.c.objc; path = SceneDelegate.m; sourceTree = "<group>"; };
		A34760EF24B32B0E001FFD7A /* ViewController.h */ = {isa = PBXFileReference; lastKnownFileType = sourcecode.c.h; path = ViewController.h; sourceTree = "<group>"; };
		A34760F024B32B0E001FFD7A /* ViewController.m */ = {isa = PBXFileReference; lastKnownFileType = sourcecode.c.objc; path = ViewController.m; sourceTree = "<group>"; };
		A34760F324B32B0E001FFD7A /* Base */ = {isa = PBXFileReference; lastKnownFileType = file.storyboard; name = Base; path = Base.lproj/Main.storyboard; sourceTree = "<group>"; };
		A34760F524B32B0E001FFD7A /* Assets.xcassets */ = {isa = PBXFileReference; lastKnownFileType = folder.assetcatalog; path = Assets.xcassets; sourceTree = "<group>"; };
		A34760F824B32B0E001FFD7A /* Base */ = {isa = PBXFileReference; lastKnownFileType = file.storyboard; name = Base; path = Base.lproj/LaunchScreen.storyboard; sourceTree = "<group>"; };
		A34760FA24B32B0E001FFD7A /* Info.plist */ = {isa = PBXFileReference; lastKnownFileType = text.plist.xml; path = Info.plist; sourceTree = "<group>"; };
		A34760FB24B32B0E001FFD7A /* main.m */ = {isa = PBXFileReference; lastKnownFileType = sourcecode.c.objc; path = main.m; sourceTree = "<group>"; };
		A3D0EEF124B4063000F6045C /* Rake.framework */ = {isa = PBXFileReference; lastKnownFileType = wrapper.framework; path = Rake.framework; sourceTree = "<group>"; };
		A3D0EEF924B410E800F6045C /* DiRakeClientTestIOsSentinelShuttle.h */ = {isa = PBXFileReference; fileEncoding = 4; lastKnownFileType = sourcecode.c.h; name = DiRakeClientTestIOsSentinelShuttle.h; path = shuttle/DiRakeClientTestIOsSentinelShuttle.h; sourceTree = "<group>"; };
		A3D0EEFA24B410E800F6045C /* DiRakeClientTestIOsSentinelShuttle.m */ = {isa = PBXFileReference; fileEncoding = 4; lastKnownFileType = sourcecode.c.objc; name = DiRakeClientTestIOsSentinelShuttle.m; path = shuttle/DiRakeClientTestIOsSentinelShuttle.m; sourceTree = "<group>"; };
/* End PBXFileReference section */

/* Begin PBXFrameworksBuildPhase section */
		A34760E324B32B0E001FFD7A /* Frameworks */ = {
			isa = PBXFrameworksBuildPhase;
			buildActionMask = 2147483647;
			files = (
				A3D0EEF324B4063000F6045C /* Rake.framework in Frameworks */,
			);
			runOnlyForDeploymentPostprocessing = 0;
		};
/* End PBXFrameworksBuildPhase section */

/* Begin PBXGroup section */
		A34760DD24B32B0E001FFD7A = {
			isa = PBXGroup;
			children = (
				A3D0EEEF24B4063000F6045C /* sdk */,
				A34760E824B32B0E001FFD7A /* rake-ios-tutorial-ObjC */,
				A34760E724B32B0E001FFD7A /* Products */,
			);
			sourceTree = "<group>";
		};
		A34760E724B32B0E001FFD7A /* Products */ = {
			isa = PBXGroup;
			children = (
				A34760E624B32B0E001FFD7A /* rake-ios-tutorial-ObjC.app */,
			);
			name = Products;
			sourceTree = "<group>";
		};
		A34760E824B32B0E001FFD7A /* rake-ios-tutorial-ObjC */ = {
			isa = PBXGroup;
			children = (
				A34760E924B32B0E001FFD7A /* AppDelegate.h */,
				A34760EA24B32B0E001FFD7A /* AppDelegate.m */,
				A34760EC24B32B0E001FFD7A /* SceneDelegate.h */,
				A34760ED24B32B0E001FFD7A /* SceneDelegate.m */,
				A34760EF24B32B0E001FFD7A /* ViewController.h */,
				A34760F024B32B0E001FFD7A /* ViewController.m */,
				A34760F224B32B0E001FFD7A /* Main.storyboard */,
				A34760F524B32B0E001FFD7A /* Assets.xcassets */,
				A34760F724B32B0E001FFD7A /* LaunchScreen.storyboard */,
				A34760FA24B32B0E001FFD7A /* Info.plist */,
				A34760FB24B32B0E001FFD7A /* main.m */,
			);
			path = "rake-ios-tutorial-ObjC";
			sourceTree = "<group>";
		};
		A3D0EEEF24B4063000F6045C /* sdk */ = {
			isa = PBXGroup;
			children = (
				A3D0EEF924B410E800F6045C /* DiRakeClientTestIOsSentinelShuttle.h */,
				A3D0EEFA24B410E800F6045C /* DiRakeClientTestIOsSentinelShuttle.m */,
				A3D0EEF124B4063000F6045C /* Rake.framework */,
			);
			name = sdk;
			path = "rake-ios-tutorial-ObjC/sdk";
			sourceTree = "<group>";
		};
/* End PBXGroup section */

/* Begin PBXNativeTarget section */
		A34760E524B32B0E001FFD7A /* rake-ios-tutorial-ObjC */ = {
			isa = PBXNativeTarget;
			buildConfigurationList = A34760FF24B32B0E001FFD7A /* Build configuration list for PBXNativeTarget "rake-ios-tutorial-ObjC" */;
			buildPhases = (
				A34760E224B32B0E001FFD7A /* Sources */,
				A34760E324B32B0E001FFD7A /* Frameworks */,
				A34760E424B32B0E001FFD7A /* Resources */,
				A3D0EEEE24B4052100F6045C /* Embed Frameworks */,
			);
			buildRules = (
			);
			dependencies = (
			);
			name = "rake-ios-tutorial-ObjC";
			productName = "rake-ios-tutorial-ObjC";
			productReference = A34760E624B32B0E001FFD7A /* rake-ios-tutorial-ObjC.app */;
			productType = "com.apple.product-type.application";
		};
/* End PBXNativeTarget section */

/* Begin PBXProject section */
		A34760DE24B32B0E001FFD7A /* Project object */ = {
			isa = PBXProject;
			attributes = {
				BuildIndependentTargetsInParallel = YES;
				LastUpgradeCheck = 1430;
				ORGANIZATIONNAME = 1000731;
				TargetAttributes = {
					A34760E524B32B0E001FFD7A = {
						CreatedOnToolsVersion = 11.5;
					};
				};
			};
			buildConfigurationList = A34760E124B32B0E001FFD7A /* Build configuration list for PBXProject "rake-ios-tutorial-ObjC" */;
			compatibilityVersion = "Xcode 9.3";
			developmentRegion = en;
			hasScannedForEncodings = 0;
			knownRegions = (
				en,
				Base,
			);
			mainGroup = A34760DD24B32B0E001FFD7A;
			productRefGroup = A34760E724B32B0E001FFD7A /* Products */;
			projectDirPath = "";
			projectRoot = "";
			targets = (
				A34760E524B32B0E001FFD7A /* rake-ios-tutorial-ObjC */,
			);
		};
/* End PBXProject section */

/* Begin PBXResourcesBuildPhase section */
		A34760E424B32B0E001FFD7A /* Resources */ = {
			isa = PBXResourcesBuildPhase;
			buildActionMask = 2147483647;
			files = (
				A34760F924B32B0E001FFD7A /* LaunchScreen.storyboard in Resources */,
				A34760F624B32B0E001FFD7A /* Assets.xcassets in Resources */,
				A34760F424B32B0E001FFD7A /* Main.storyboard in Resources */,
			);
			runOnlyForDeploymentPostprocessing = 0;
		};
/* End PBXResourcesBuildPhase section */

/* Begin PBXSourcesBuildPhase section */
		A34760E224B32B0E001FFD7A /* Sources */ = {
			isa = PBXSourcesBuildPhase;
			buildActionMask = 2147483647;
			files = (
				A34760F124B32B0E001FFD7A /* ViewController.m in Sources */,
				A34760EB24B32B0E001FFD7A /* AppDelegate.m in Sources */,
				A3D0EEFB24B410E800F6045C /* DiRakeClientTestIOsSentinelShuttle.m in Sources */,
				A34760FC24B32B0E001FFD7A /* main.m in Sources */,
				A34760EE24B32B0E001FFD7A /* SceneDelegate.m in Sources */,
			);
			runOnlyForDeploymentPostprocessing = 0;
		};
/* End PBXSourcesBuildPhase section */

/* Begin PBXVariantGroup section */
		A34760F224B32B0E001FFD7A /* Main.storyboard */ = {
			isa = PBXVariantGroup;
			children = (
				A34760F324B32B0E001FFD7A /* Base */,
			);
			name = Main.storyboard;
			sourceTree = "<group>";
		};
		A34760F724B32B0E001FFD7A /* LaunchScreen.storyboard */ = {
			isa = PBXVariantGroup;
			children = (
				A34760F824B32B0E001FFD7A /* Base */,
			);
			name = LaunchScreen.storyboard;
			sourceTree = "<group>";
		};
/* End PBXVariantGroup section */

/* Begin XCBuildConfiguration section */
		A34760FD24B32B0E001FFD7A /* Debug */ = {
			isa = XCBuildConfiguration;
			buildSettings = {
				ALWAYS_SEARCH_USER_PATHS = NO;
				CLANG_ANALYZER_NONNULL = YES;
				CLANG_ANALYZER_NUMBER_OBJECT_CONVERSION = YES_AGGRESSIVE;
				CLANG_CXX_LANGUAGE_STANDARD = "gnu++14";
				CLANG_CXX_LIBRARY = "libc++";
				CLANG_ENABLE_MODULES = YES;
				CLANG_ENABLE_OBJC_ARC = YES;
				CLANG_ENABLE_OBJC_WEAK = YES;
				CLANG_WARN_BLOCK_CAPTURE_AUTORELEASING = YES;
				CLANG_WARN_BOOL_CONVERSION = YES;
				CLANG_WARN_COMMA = YES;
				CLANG_WARN_CONSTANT_CONVERSION = YES;
				CLANG_WARN_DEPRECATED_OBJC_IMPLEMENTATIONS = YES;
				CLANG_WARN_DIRECT_OBJC_ISA_USAGE = YES_ERROR;
				CLANG_WARN_DOCUMENTATION_COMMENTS = YES;
				CLANG_WARN_EMPTY_BODY = YES;
				CLANG_WARN_ENUM_CONVERSION = YES;
				CLANG_WARN_INFINITE_RECURSION = YES;
				CLANG_WARN_INT_CONVERSION = YES;
				CLANG_WARN_NON_LITERAL_NULL_CONVERSION = YES;
				CLANG_WARN_OBJC_IMPLICIT_RETAIN_SELF = YES;
				CLANG_WARN_OBJC_LITERAL_CONVERSION = YES;
				CLANG_WARN_OBJC_ROOT_CLASS = YES_ERROR;
				CLANG_WARN_QUOTED_INCLUDE_IN_FRAMEWORK_HEADER = YES;
				CLANG_WARN_RANGE_LOOP_ANALYSIS = YES;
				CLANG_WARN_STRICT_PROTOTYPES = YES;
				CLANG_WARN_SUSPICIOUS_MOVE = YES;
				CLANG_WARN_UNGUARDED_AVAILABILITY = YES_AGGRESSIVE;
				CLANG_WARN_UNREACHABLE_CODE = YES;
				CLANG_WARN__DUPLICATE_METHOD_MATCH = YES;
				COPY_PHASE_STRIP = NO;
				DEBUG_INFORMATION_FORMAT = dwarf;
				ENABLE_STRICT_OBJC_MSGSEND = YES;
				ENABLE_TESTABILITY = YES;
				EXCLUDED_ARCHS = arm64;
				FRAMEWORK_SEARCH_PATHS = "";
				GCC_C_LANGUAGE_STANDARD = gnu11;
				GCC_DYNAMIC_NO_PIC = NO;
				GCC_NO_COMMON_BLOCKS = YES;
				GCC_OPTIMIZATION_LEVEL = 0;
				GCC_PREPROCESSOR_DEFINITIONS = (
					"DEBUG=1",
					"$(inherited)",
				);
				GCC_WARN_64_TO_32_BIT_CONVERSION = YES;
				GCC_WARN_ABOUT_RETURN_TYPE = YES_ERROR;
				GCC_WARN_UNDECLARED_SELECTOR = YES;
				GCC_WARN_UNINITIALIZED_AUTOS = YES_AGGRESSIVE;
				GCC_WARN_UNUSED_FUNCTION = YES;
				GCC_WARN_UNUSED_VARIABLE = YES;
				IPHONEOS_DEPLOYMENT_TARGET = 14.0;
				MTL_ENABLE_DEBUG_INFO = INCLUDE_SOURCE;
				MTL_FAST_MATH = YES;
				ONLY_ACTIVE_ARCH = YES;
				SDKROOT = iphoneos;
			};
			name = Debug;
		};
		A34760FE24B32B0E001FFD7A /* Release */ = {
			isa = XCBuildConfiguration;
			buildSettings = {
				ALWAYS_SEARCH_USER_PATHS = NO;
				CLANG_ANALYZER_NONNULL = YES;
				CLANG_ANALYZER_NUMBER_OBJECT_CONVERSION = YES_AGGRESSIVE;
				CLANG_CXX_LANGUAGE_STANDARD = "gnu++14";
				CLANG_CXX_LIBRARY = "libc++";
				CLANG_ENABLE_MODULES = YES;
				CLANG_ENABLE_OBJC_ARC = YES;
				CLANG_ENABLE_OBJC_WEAK = YES;
				CLANG_WARN_BLOCK_CAPTURE_AUTORELEASING = YES;
				CLANG_WARN_BOOL_CONVERSION = YES;
				CLANG_WARN_COMMA = YES;
				CLANG_WARN_CONSTANT_CONVERSION = YES;
				CLANG_WARN_DEPRECATED_OBJC_IMPLEMENTATIONS = YES;
				CLANG_WARN_DIRECT_OBJC_ISA_USAGE = YES_ERROR;
				CLANG_WARN_DOCUMENTATION_COMMENTS = YES;
				CLANG_WARN_EMPTY_BODY = YES;
				CLANG_WARN_ENUM_CONVERSION = YES;
				CLANG_WARN_INFINITE_RECURSION = YES;
				CLANG_WARN_INT_CONVERSION = YES;
				CLANG_WARN_NON_LITERAL_NULL_CONVERSION = YES;
				CLANG_WARN_OBJC_IMPLICIT_RETAIN_SELF = YES;
				CLANG_WARN_OBJC_LITERAL_CONVERSION = YES;
				CLANG_WARN_OBJC_ROOT_CLASS = YES_ERROR;
				CLANG_WARN_QUOTED_INCLUDE_IN_FRAMEWORK_HEADER = YES;
				CLANG_WARN_RANGE_LOOP_ANALYSIS = YES;
				CLANG_WARN_STRICT_PROTOTYPES = YES;
				CLANG_WARN_SUSPICIOUS_MOVE = YES;
				CLANG_WARN_UNGUARDED_AVAILABILITY = YES_AGGRESSIVE;
				CLANG_WARN_UNREACHABLE_CODE = YES;
				CLANG_WARN__DUPLICATE_METHOD_MATCH = YES;
				COPY_PHASE_STRIP = NO;
				DEBUG_INFORMATION_FORMAT = "dwarf-with-dsym";
				ENABLE_NS_ASSERTIONS = NO;
				ENABLE_STRICT_OBJC_MSGSEND = YES;
				EXCLUDED_ARCHS = arm64;
				FRAMEWORK_SEARCH_PATHS = "";
				GCC_C_LANGUAGE_STANDARD = gnu11;
				GCC_NO_COMMON_BLOCKS = YES;
				GCC_WARN_64_TO_32_BIT_CONVERSION = YES;
				GCC_WARN_ABOUT_RETURN_TYPE = YES_ERROR;
				GCC_WARN_UNDECLARED_SELECTOR = YES;
				GCC_WARN_UNINITIALIZED_AUTOS = YES_AGGRESSIVE;
				GCC_WARN_UNUSED_FUNCTION = YES;
				GCC_WARN_UNUSED_VARIABLE = YES;
				IPHONEOS_DEPLOYMENT_TARGET = 14.0;
				MTL_ENABLE_DEBUG_INFO = NO;
				MTL_FAST_MATH = YES;
				SDKROOT = iphoneos;
				VALIDATE_PRODUCT = YES;
			};
			name = Release;
		};
		A347610024B32B0E001FFD7A /* Debug */ = {
			isa = XCBuildConfiguration;
			buildSettings = {
				ASSETCATALOG_COMPILER_APPICON_NAME = AppIcon;
				CODE_SIGN_IDENTITY = "Apple Development";
				CODE_SIGN_STYLE = Automatic;
				DEVELOPMENT_TEAM = AJJQQRLXL5;
				FRAMEWORK_SEARCH_PATHS = (
					"$(inherited)",
					"$(PROJECT_DIR)/rake-ios-tutorial-ObjC/sdk",
				);
				INFOPLIST_FILE = "rake-ios-tutorial-ObjC/Info.plist";
				LD_RUNPATH_SEARCH_PATHS = (
					"$(inherited)",
					"@executable_path/Frameworks",
				);
				PRODUCT_BUNDLE_IDENTIFIER = "com.skplanet.rake-ios-tutorial-ObjC";
				PRODUCT_NAME = "$(TARGET_NAME)";
				PROVISIONING_PROFILE_SPECIFIER = "";
				TARGETED_DEVICE_FAMILY = "1,2";
			};
			name = Debug;
		};
		A347610124B32B0E001FFD7A /* Release */ = {
			isa = XCBuildConfiguration;
			buildSettings = {
				ASSETCATALOG_COMPILER_APPICON_NAME = AppIcon;
				CODE_SIGN_IDENTITY = "Apple Development";
				CODE_SIGN_STYLE = Automatic;
				DEVELOPMENT_TEAM = AJJQQRLXL5;
				FRAMEWORK_SEARCH_PATHS = (
					"$(inherited)",
					"$(PROJECT_DIR)/rake-ios-tutorial-ObjC/sdk",
				);
				INFOPLIST_FILE = "rake-ios-tutorial-ObjC/Info.plist";
				LD_RUNPATH_SEARCH_PATHS = (
					"$(inherited)",
					"@executable_path/Frameworks",
				);
				PRODUCT_BUNDLE_IDENTIFIER = "com.skplanet.rake-ios-tutorial-ObjC";
				PRODUCT_NAME = "$(TARGET_NAME)";
				PROVISIONING_PROFILE_SPECIFIER = "";
				TARGETED_DEVICE_FAMILY = "1,2";
			};
			name = Release;
		};
/* End XCBuildConfiguration section */

/* Begin XCConfigurationList section */
		A34760E124B32B0E001FFD7A /* Build configuration list for PBXProject "rake-ios-tutorial-ObjC" */ = {
			isa = XCConfigurationList;
			buildConfigurations = (
				A34760FD24B32B0E001FFD7A /* Debug */,
				A34760FE24B32B0E001FFD7A /* Release */,
			);
			defaultConfigurationIsVisible = 0;
			defaultConfigurationName = Release;
		};
		A34760FF24B32B0E001FFD7A /* Build configuration list for PBXNativeTarget "rake-ios-tutorial-ObjC" */ = {
			isa = XCConfigurationList;
			buildConfigurations = (
				A347610024B32B0E001FFD7A /* Debug */,
				A347610124B32B0E001FFD7A /* Release */,
			);
			defaultConfigurationIsVisible = 0;
			defaultConfigurationName = Release;
		};
/* End XCConfigurationList section */
	};
	rootObject = A34760DE24B32B0E001FFD7A /* Project object */;
}
